// !$*UTF8*$!
{
	archiveVersion = 1;
	classes = {
	};
	objectVersion = 46;
	objects = {

/* Begin PBXBuildFile section */
		0835043EB1E949090D9E0221 /* libPods.a in Frameworks */ = {isa = PBXBuildFile; fileRef = C7F693CB631C5B06BBAE2910 /* libPods.a */; };
		8F179EED1A2512DE00F2B053 /* IngredientsTableViewCell.m in Sources */ = {isa = PBXBuildFile; fileRef = 8F179EEC1A2512DE00F2B053 /* IngredientsTableViewCell.m */; };
		8F179EF11A25131C00F2B053 /* RATextField.m in Sources */ = {isa = PBXBuildFile; fileRef = 8F179EF01A25131C00F2B053 /* RATextField.m */; };
		8F179EF41A25325A00F2B053 /* IngredientsSectionHeaderView.m in Sources */ = {isa = PBXBuildFile; fileRef = 8F179EF31A25325A00F2B053 /* IngredientsSectionHeaderView.m */; };
		8FBA427E1A373D8E00A3A3D4 /* DirectionsHeaderView.m in Sources */ = {isa = PBXBuildFile; fileRef = 8FBA427D1A373D8E00A3A3D4 /* DirectionsHeaderView.m */; };
		8FC12BEA1A3643A000CD6B03 /* RecipeDetailViewController.m in Sources */ = {isa = PBXBuildFile; fileRef = 8FC12BE91A3643A000CD6B03 /* RecipeDetailViewController.m */; };
		8FFC01FE1A28C61E00A73F2F /* CreateDirectionsView.m in Sources */ = {isa = PBXBuildFile; fileRef = 8FFC01FD1A28C61E00A73F2F /* CreateDirectionsView.m */; };
		8FFC02041A28C97A00A73F2F /* DirectionsTableViewCell.m in Sources */ = {isa = PBXBuildFile; fileRef = 8FFC02031A28C97A00A73F2F /* DirectionsTableViewCell.m */; };
		AA0C3EBE1A1EAA3100650ABA /* RecipeObject.m in Sources */ = {isa = PBXBuildFile; fileRef = AA0C3EBD1A1EAA3100650ABA /* RecipeObject.m */; };
		AA7060301A1FEC4200944DB1 /* CreateTitleView.m in Sources */ = {isa = PBXBuildFile; fileRef = AA70602F1A1FEC4200944DB1 /* CreateTitleView.m */; };
		AA71E9611A1E3580005626A5 /* MenuTableViewCell.m in Sources */ = {isa = PBXBuildFile; fileRef = AA71E9601A1E3580005626A5 /* MenuTableViewCell.m */; };
		AA71E9671A1E4A37005626A5 /* RecipeViewController.m in Sources */ = {isa = PBXBuildFile; fileRef = AA71E9661A1E4A37005626A5 /* RecipeViewController.m */; };
		AA71E96A1A1E503C005626A5 /* CreateRecipeViewController.m in Sources */ = {isa = PBXBuildFile; fileRef = AA71E9691A1E503C005626A5 /* CreateRecipeViewController.m */; };
		AA71E96E1A1E756B005626A5 /* RecipeCollectionViewCell.m in Sources */ = {isa = PBXBuildFile; fileRef = AA71E96D1A1E756B005626A5 /* RecipeCollectionViewCell.m */; };
		AABF04FE1A1FF68E00A677A6 /* UIView+Shadow.m in Sources */ = {isa = PBXBuildFile; fileRef = AABF04FD1A1FF68E00A677A6 /* UIView+Shadow.m */; };
		AABF05011A1FFC6800A677A6 /* CreateIngredientsView.m in Sources */ = {isa = PBXBuildFile; fileRef = AABF05001A1FFC6800A677A6 /* CreateIngredientsView.m */; };
		AAEF76C11A1D5A2B005A92B1 /* main.m in Sources */ = {isa = PBXBuildFile; fileRef = AAEF76C01A1D5A2B005A92B1 /* main.m */; };
		AAEF76C41A1D5A2B005A92B1 /* AppDelegate.m in Sources */ = {isa = PBXBuildFile; fileRef = AAEF76C31A1D5A2B005A92B1 /* AppDelegate.m */; };
		AAEF76CC1A1D5A2B005A92B1 /* Images.xcassets in Resources */ = {isa = PBXBuildFile; fileRef = AAEF76CB1A1D5A2B005A92B1 /* Images.xcassets */; };
		AAEF76CF1A1D5A2B005A92B1 /* LaunchScreen.xib in Resources */ = {isa = PBXBuildFile; fileRef = AAEF76CD1A1D5A2B005A92B1 /* LaunchScreen.xib */; };
		AAEF76DB1A1D5A2C005A92B1 /* RecipeAppTests.m in Sources */ = {isa = PBXBuildFile; fileRef = AAEF76DA1A1D5A2C005A92B1 /* RecipeAppTests.m */; };
		AAEF76EB1A1D6061005A92B1 /* BottomMenuController.m in Sources */ = {isa = PBXBuildFile; fileRef = AAEF76EA1A1D6061005A92B1 /* BottomMenuController.m */; };
		AAEF76EF1A1D6FAB005A92B1 /* MenuViewController.m in Sources */ = {isa = PBXBuildFile; fileRef = AAEF76EE1A1D6FAB005A92B1 /* MenuViewController.m */; };
		AAEF76F31A1D81E2005A92B1 /* MenuBarView.m in Sources */ = {isa = PBXBuildFile; fileRef = AAEF76F21A1D81E2005A92B1 /* MenuBarView.m */; };
/* End PBXBuildFile section */

/* Begin PBXContainerItemProxy section */
		AAEF76D51A1D5A2C005A92B1 /* PBXContainerItemProxy */ = {
			isa = PBXContainerItemProxy;
			containerPortal = AAEF76B31A1D5A2B005A92B1 /* Project object */;
			proxyType = 1;
			remoteGlobalIDString = AAEF76BA1A1D5A2B005A92B1;
			remoteInfo = RecipeApp;
		};
/* End PBXContainerItemProxy section */

/* Begin PBXFileReference section */
		8F179EEB1A2512DE00F2B053 /* IngredientsTableViewCell.h */ = {isa = PBXFileReference; fileEncoding = 4; lastKnownFileType = sourcecode.c.h; path = IngredientsTableViewCell.h; sourceTree = "<group>"; };
		8F179EEC1A2512DE00F2B053 /* IngredientsTableViewCell.m */ = {isa = PBXFileReference; fileEncoding = 4; lastKnownFileType = sourcecode.c.objc; path = IngredientsTableViewCell.m; sourceTree = "<group>"; };
		8F179EEF1A25131C00F2B053 /* RATextField.h */ = {isa = PBXFileReference; fileEncoding = 4; lastKnownFileType = sourcecode.c.h; path = RATextField.h; sourceTree = "<group>"; };
		8F179EF01A25131C00F2B053 /* RATextField.m */ = {isa = PBXFileReference; fileEncoding = 4; lastKnownFileType = sourcecode.c.objc; path = RATextField.m; sourceTree = "<group>"; };
		8F179EF21A25325A00F2B053 /* IngredientsSectionHeaderView.h */ = {isa = PBXFileReference; fileEncoding = 4; lastKnownFileType = sourcecode.c.h; path = IngredientsSectionHeaderView.h; sourceTree = "<group>"; };
		8F179EF31A25325A00F2B053 /* IngredientsSectionHeaderView.m */ = {isa = PBXFileReference; fileEncoding = 4; lastKnownFileType = sourcecode.c.objc; path = IngredientsSectionHeaderView.m; sourceTree = "<group>"; };
		8FBA427C1A373D8E00A3A3D4 /* DirectionsHeaderView.h */ = {isa = PBXFileReference; fileEncoding = 4; lastKnownFileType = sourcecode.c.h; path = DirectionsHeaderView.h; sourceTree = "<group>"; };
		8FBA427D1A373D8E00A3A3D4 /* DirectionsHeaderView.m */ = {isa = PBXFileReference; fileEncoding = 4; lastKnownFileType = sourcecode.c.objc; path = DirectionsHeaderView.m; sourceTree = "<group>"; };
		8FC12BE81A3643A000CD6B03 /* RecipeDetailViewController.h */ = {isa = PBXFileReference; fileEncoding = 4; lastKnownFileType = sourcecode.c.h; path = RecipeDetailViewController.h; sourceTree = "<group>"; };
		8FC12BE91A3643A000CD6B03 /* RecipeDetailViewController.m */ = {isa = PBXFileReference; fileEncoding = 4; lastKnownFileType = sourcecode.c.objc; path = RecipeDetailViewController.m; sourceTree = "<group>"; };
		8FFC01FC1A28C61E00A73F2F /* CreateDirectionsView.h */ = {isa = PBXFileReference; fileEncoding = 4; lastKnownFileType = sourcecode.c.h; path = CreateDirectionsView.h; sourceTree = "<group>"; };
		8FFC01FD1A28C61E00A73F2F /* CreateDirectionsView.m */ = {isa = PBXFileReference; fileEncoding = 4; lastKnownFileType = sourcecode.c.objc; path = CreateDirectionsView.m; sourceTree = "<group>"; };
		8FFC02021A28C97A00A73F2F /* DirectionsTableViewCell.h */ = {isa = PBXFileReference; fileEncoding = 4; lastKnownFileType = sourcecode.c.h; path = DirectionsTableViewCell.h; sourceTree = "<group>"; };
		8FFC02031A28C97A00A73F2F /* DirectionsTableViewCell.m */ = {isa = PBXFileReference; fileEncoding = 4; lastKnownFileType = sourcecode.c.objc; path = DirectionsTableViewCell.m; sourceTree = "<group>"; };
		AA0C3EBC1A1EAA3100650ABA /* RecipeObject.h */ = {isa = PBXFileReference; fileEncoding = 4; lastKnownFileType = sourcecode.c.h; path = RecipeObject.h; sourceTree = "<group>"; };
		AA0C3EBD1A1EAA3100650ABA /* RecipeObject.m */ = {isa = PBXFileReference; fileEncoding = 4; lastKnownFileType = sourcecode.c.objc; path = RecipeObject.m; sourceTree = "<group>"; };
		AA70602E1A1FEC4200944DB1 /* CreateTitleView.h */ = {isa = PBXFileReference; fileEncoding = 4; lastKnownFileType = sourcecode.c.h; path = CreateTitleView.h; sourceTree = "<group>"; };
		AA70602F1A1FEC4200944DB1 /* CreateTitleView.m */ = {isa = PBXFileReference; fileEncoding = 4; lastKnownFileType = sourcecode.c.objc; path = CreateTitleView.m; sourceTree = "<group>"; };
		AA71E95F1A1E3580005626A5 /* MenuTableViewCell.h */ = {isa = PBXFileReference; fileEncoding = 4; lastKnownFileType = sourcecode.c.h; path = MenuTableViewCell.h; sourceTree = "<group>"; };
		AA71E9601A1E3580005626A5 /* MenuTableViewCell.m */ = {isa = PBXFileReference; fileEncoding = 4; lastKnownFileType = sourcecode.c.objc; path = MenuTableViewCell.m; sourceTree = "<group>"; };
		AA71E9651A1E4A37005626A5 /* RecipeViewController.h */ = {isa = PBXFileReference; fileEncoding = 4; lastKnownFileType = sourcecode.c.h; path = RecipeViewController.h; sourceTree = "<group>"; };
		AA71E9661A1E4A37005626A5 /* RecipeViewController.m */ = {isa = PBXFileReference; fileEncoding = 4; lastKnownFileType = sourcecode.c.objc; path = RecipeViewController.m; sourceTree = "<group>"; };
		AA71E9681A1E503C005626A5 /* CreateRecipeViewController.h */ = {isa = PBXFileReference; fileEncoding = 4; lastKnownFileType = sourcecode.c.h; path = CreateRecipeViewController.h; sourceTree = "<group>"; };
		AA71E9691A1E503C005626A5 /* CreateRecipeViewController.m */ = {isa = PBXFileReference; fileEncoding = 4; lastKnownFileType = sourcecode.c.objc; path = CreateRecipeViewController.m; sourceTree = "<group>"; };
		AA71E96C1A1E756B005626A5 /* RecipeCollectionViewCell.h */ = {isa = PBXFileReference; fileEncoding = 4; lastKnownFileType = sourcecode.c.h; path = RecipeCollectionViewCell.h; sourceTree = "<group>"; };
		AA71E96D1A1E756B005626A5 /* RecipeCollectionViewCell.m */ = {isa = PBXFileReference; fileEncoding = 4; lastKnownFileType = sourcecode.c.objc; path = RecipeCollectionViewCell.m; sourceTree = "<group>"; };
		AABF04FC1A1FF68E00A677A6 /* UIView+Shadow.h */ = {isa = PBXFileReference; fileEncoding = 4; lastKnownFileType = sourcecode.c.h; path = "UIView+Shadow.h"; sourceTree = "<group>"; };
		AABF04FD1A1FF68E00A677A6 /* UIView+Shadow.m */ = {isa = PBXFileReference; fileEncoding = 4; lastKnownFileType = sourcecode.c.objc; path = "UIView+Shadow.m"; sourceTree = "<group>"; };
		AABF04FF1A1FFC6800A677A6 /* CreateIngredientsView.h */ = {isa = PBXFileReference; fileEncoding = 4; lastKnownFileType = sourcecode.c.h; path = CreateIngredientsView.h; sourceTree = "<group>"; };
		AABF05001A1FFC6800A677A6 /* CreateIngredientsView.m */ = {isa = PBXFileReference; fileEncoding = 4; lastKnownFileType = sourcecode.c.objc; path = CreateIngredientsView.m; sourceTree = "<group>"; };
		AAEF76BB1A1D5A2B005A92B1 /* RecipeApp.app */ = {isa = PBXFileReference; explicitFileType = wrapper.application; includeInIndex = 0; path = RecipeApp.app; sourceTree = BUILT_PRODUCTS_DIR; };
		AAEF76BF1A1D5A2B005A92B1 /* Info.plist */ = {isa = PBXFileReference; lastKnownFileType = text.plist.xml; path = Info.plist; sourceTree = "<group>"; };
		AAEF76C01A1D5A2B005A92B1 /* main.m */ = {isa = PBXFileReference; lastKnownFileType = sourcecode.c.objc; path = main.m; sourceTree = "<group>"; };
		AAEF76C21A1D5A2B005A92B1 /* AppDelegate.h */ = {isa = PBXFileReference; lastKnownFileType = sourcecode.c.h; path = AppDelegate.h; sourceTree = "<group>"; };
		AAEF76C31A1D5A2B005A92B1 /* AppDelegate.m */ = {isa = PBXFileReference; lastKnownFileType = sourcecode.c.objc; path = AppDelegate.m; sourceTree = "<group>"; };
		AAEF76CB1A1D5A2B005A92B1 /* Images.xcassets */ = {isa = PBXFileReference; lastKnownFileType = folder.assetcatalog; path = Images.xcassets; sourceTree = "<group>"; };
		AAEF76CE1A1D5A2B005A92B1 /* Base */ = {isa = PBXFileReference; lastKnownFileType = file.xib; name = Base; path = Base.lproj/LaunchScreen.xib; sourceTree = "<group>"; };
		AAEF76D41A1D5A2C005A92B1 /* RecipeAppTests.xctest */ = {isa = PBXFileReference; explicitFileType = wrapper.cfbundle; includeInIndex = 0; path = RecipeAppTests.xctest; sourceTree = BUILT_PRODUCTS_DIR; };
		AAEF76D91A1D5A2C005A92B1 /* Info.plist */ = {isa = PBXFileReference; lastKnownFileType = text.plist.xml; path = Info.plist; sourceTree = "<group>"; };
		AAEF76DA1A1D5A2C005A92B1 /* RecipeAppTests.m */ = {isa = PBXFileReference; lastKnownFileType = sourcecode.c.objc; path = RecipeAppTests.m; sourceTree = "<group>"; };
		AAEF76E91A1D6061005A92B1 /* BottomMenuController.h */ = {isa = PBXFileReference; fileEncoding = 4; lastKnownFileType = sourcecode.c.h; path = BottomMenuController.h; sourceTree = "<group>"; };
		AAEF76EA1A1D6061005A92B1 /* BottomMenuController.m */ = {isa = PBXFileReference; fileEncoding = 4; lastKnownFileType = sourcecode.c.objc; path = BottomMenuController.m; sourceTree = "<group>"; };
		AAEF76ED1A1D6FAB005A92B1 /* MenuViewController.h */ = {isa = PBXFileReference; fileEncoding = 4; lastKnownFileType = sourcecode.c.h; path = MenuViewController.h; sourceTree = "<group>"; };
		AAEF76EE1A1D6FAB005A92B1 /* MenuViewController.m */ = {isa = PBXFileReference; fileEncoding = 4; lastKnownFileType = sourcecode.c.objc; path = MenuViewController.m; sourceTree = "<group>"; };
		AAEF76F11A1D81E2005A92B1 /* MenuBarView.h */ = {isa = PBXFileReference; fileEncoding = 4; lastKnownFileType = sourcecode.c.h; path = MenuBarView.h; sourceTree = "<group>"; };
		AAEF76F21A1D81E2005A92B1 /* MenuBarView.m */ = {isa = PBXFileReference; fileEncoding = 4; lastKnownFileType = sourcecode.c.objc; path = MenuBarView.m; sourceTree = "<group>"; };
		C7F693CB631C5B06BBAE2910 /* libPods.a */ = {isa = PBXFileReference; explicitFileType = archive.ar; includeInIndex = 0; path = libPods.a; sourceTree = BUILT_PRODUCTS_DIR; };
		ED2B272004653CC155C933C3 /* Pods.debug.xcconfig */ = {isa = PBXFileReference; includeInIndex = 1; lastKnownFileType = text.xcconfig; name = Pods.debug.xcconfig; path = "Pods/Target Support Files/Pods/Pods.debug.xcconfig"; sourceTree = "<group>"; };
		FB70FECB01CCECEC10017F38 /* Pods.release.xcconfig */ = {isa = PBXFileReference; includeInIndex = 1; lastKnownFileType = text.xcconfig; name = Pods.release.xcconfig; path = "Pods/Target Support Files/Pods/Pods.release.xcconfig"; sourceTree = "<group>"; };
/* End PBXFileReference section */

/* Begin PBXFrameworksBuildPhase section */
		AAEF76B81A1D5A2B005A92B1 /* Frameworks */ = {
			isa = PBXFrameworksBuildPhase;
			buildActionMask = 2147483647;
			files = (
				0835043EB1E949090D9E0221 /* libPods.a in Frameworks */,
			);
			runOnlyForDeploymentPostprocessing = 0;
		};
		AAEF76D11A1D5A2C005A92B1 /* Frameworks */ = {
			isa = PBXFrameworksBuildPhase;
			buildActionMask = 2147483647;
			files = (
			);
			runOnlyForDeploymentPostprocessing = 0;
		};
/* End PBXFrameworksBuildPhase section */

/* Begin PBXGroup section */
		3CD36A6B8A5D74A722577EB2 /* Frameworks */ = {
			isa = PBXGroup;
			children = (
				C7F693CB631C5B06BBAE2910 /* libPods.a */,
			);
			name = Frameworks;
			sourceTree = "<group>";
		};
		8F179EEE1A25130A00F2B053 /* RATextField */ = {
			isa = PBXGroup;
			children = (
				8F179EEF1A25131C00F2B053 /* RATextField.h */,
				8F179EF01A25131C00F2B053 /* RATextField.m */,
			);
			name = RATextField;
			sourceTree = "<group>";
		};
		8FFC01FF1A28C92000A73F2F /* Title */ = {
			isa = PBXGroup;
			children = (
				AA70602E1A1FEC4200944DB1 /* CreateTitleView.h */,
				AA70602F1A1FEC4200944DB1 /* CreateTitleView.m */,
			);
			name = Title;
			sourceTree = "<group>";
		};
		8FFC02001A28C93200A73F2F /* Ingredients */ = {
			isa = PBXGroup;
			children = (
				AABF04FF1A1FFC6800A677A6 /* CreateIngredientsView.h */,
				AABF05001A1FFC6800A677A6 /* CreateIngredientsView.m */,
				8F179EEB1A2512DE00F2B053 /* IngredientsTableViewCell.h */,
				8F179EEC1A2512DE00F2B053 /* IngredientsTableViewCell.m */,
				8F179EF21A25325A00F2B053 /* IngredientsSectionHeaderView.h */,
				8F179EF31A25325A00F2B053 /* IngredientsSectionHeaderView.m */,
			);
			name = Ingredients;
			sourceTree = "<group>";
		};
		8FFC02011A28C94800A73F2F /* Directions */ = {
			isa = PBXGroup;
			children = (
				8FFC01FC1A28C61E00A73F2F /* CreateDirectionsView.h */,
				8FFC01FD1A28C61E00A73F2F /* CreateDirectionsView.m */,
				8FFC02021A28C97A00A73F2F /* DirectionsTableViewCell.h */,
				8FFC02031A28C97A00A73F2F /* DirectionsTableViewCell.m */,
				8FBA427C1A373D8E00A3A3D4 /* DirectionsHeaderView.h */,
				8FBA427D1A373D8E00A3A3D4 /* DirectionsHeaderView.m */,
			);
			name = Directions;
			sourceTree = "<group>";
		};
		AA0C3EBB1A1EAA1C00650ABA /* Objects */ = {
			isa = PBXGroup;
			children = (
				AA0C3EC21A1EAC4100650ABA /* RecipeObject */,
			);
			name = Objects;
			sourceTree = "<group>";
		};
		AA0C3EC21A1EAC4100650ABA /* RecipeObject */ = {
			isa = PBXGroup;
			children = (
				AA0C3EBC1A1EAA3100650ABA /* RecipeObject.h */,
				AA0C3EBD1A1EAA3100650ABA /* RecipeObject.m */,
			);
			name = RecipeObject;
			sourceTree = "<group>";
		};
		AA70602B1A1F887F00944DB1 /* Create Recipes */ = {
			isa = PBXGroup;
			children = (
				AA71E9681A1E503C005626A5 /* CreateRecipeViewController.h */,
				AA71E9691A1E503C005626A5 /* CreateRecipeViewController.m */,
			);
			name = "Create Recipes";
			sourceTree = "<group>";
		};
		AA70602C1A1F889200944DB1 /* View Recipes */ = {
			isa = PBXGroup;
			children = (
				AA71E9651A1E4A37005626A5 /* RecipeViewController.h */,
				AA71E9661A1E4A37005626A5 /* RecipeViewController.m */,
				8FC12BE81A3643A000CD6B03 /* RecipeDetailViewController.h */,
				8FC12BE91A3643A000CD6B03 /* RecipeDetailViewController.m */,
			);
			name = "View Recipes";
			sourceTree = "<group>";
		};
		AA70602D1A1FEC2D00944DB1 /* CreateRecipesView */ = {
			isa = PBXGroup;
			children = (
				8FFC01FF1A28C92000A73F2F /* Title */,
				8FFC02001A28C93200A73F2F /* Ingredients */,
				8FFC02011A28C94800A73F2F /* Directions */,
			);
			name = CreateRecipesView;
			sourceTree = "<group>";
		};
		AA71E9621A1E4978005626A5 /* MenuBarTableViewCell */ = {
			isa = PBXGroup;
			children = (
				AA71E95F1A1E3580005626A5 /* MenuTableViewCell.h */,
				AA71E9601A1E3580005626A5 /* MenuTableViewCell.m */,
			);
			name = MenuBarTableViewCell;
			sourceTree = "<group>";
		};
		AA71E9631A1E4982005626A5 /* MenuBarView */ = {
			isa = PBXGroup;
			children = (
				AAEF76F11A1D81E2005A92B1 /* MenuBarView.h */,
				AAEF76F21A1D81E2005A92B1 /* MenuBarView.m */,
			);
			name = MenuBarView;
			sourceTree = "<group>";
		};
		AA71E9641A1E4995005626A5 /* MenuBar */ = {
			isa = PBXGroup;
			children = (
				AA71E9631A1E4982005626A5 /* MenuBarView */,
				AA71E9621A1E4978005626A5 /* MenuBarTableViewCell */,
			);
			name = MenuBar;
			sourceTree = "<group>";
		};
		AA71E96B1A1E7556005626A5 /* RecipeCollectionView */ = {
			isa = PBXGroup;
			children = (
				AA71E96C1A1E756B005626A5 /* RecipeCollectionViewCell.h */,
				AA71E96D1A1E756B005626A5 /* RecipeCollectionViewCell.m */,
			);
			name = RecipeCollectionView;
			sourceTree = "<group>";
		};
		AABF04FB1A1FF67800A677A6 /* Categories */ = {
			isa = PBXGroup;
			children = (
				AABF04FC1A1FF68E00A677A6 /* UIView+Shadow.h */,
				AABF04FD1A1FF68E00A677A6 /* UIView+Shadow.m */,
			);
			name = Categories;
			sourceTree = "<group>";
		};
		AAEF76B21A1D5A2B005A92B1 = {
			isa = PBXGroup;
			children = (
				AAEF76BD1A1D5A2B005A92B1 /* RecipeApp */,
				AAEF76D71A1D5A2C005A92B1 /* RecipeAppTests */,
				AAEF76BC1A1D5A2B005A92B1 /* Products */,
				C01EE8193D4B9EC35C44937D /* Pods */,
				3CD36A6B8A5D74A722577EB2 /* Frameworks */,
			);
			sourceTree = "<group>";
		};
		AAEF76BC1A1D5A2B005A92B1 /* Products */ = {
			isa = PBXGroup;
			children = (
				AAEF76BB1A1D5A2B005A92B1 /* RecipeApp.app */,
				AAEF76D41A1D5A2C005A92B1 /* RecipeAppTests.xctest */,
			);
			name = Products;
			sourceTree = "<group>";
		};
		AAEF76BD1A1D5A2B005A92B1 /* RecipeApp */ = {
			isa = PBXGroup;
			children = (
				AABF04FB1A1FF67800A677A6 /* Categories */,
				AA0C3EBB1A1EAA1C00650ABA /* Objects */,
				AAEF76F01A1D81D5005A92B1 /* Views */,
				AAEF76E41A1D5A33005A92B1 /* Controllers */,
				AAEF76C21A1D5A2B005A92B1 /* AppDelegate.h */,
				AAEF76C31A1D5A2B005A92B1 /* AppDelegate.m */,
				AAEF76CB1A1D5A2B005A92B1 /* Images.xcassets */,
				AAEF76CD1A1D5A2B005A92B1 /* LaunchScreen.xib */,
				AAEF76BE1A1D5A2B005A92B1 /* Supporting Files */,
			);
			path = RecipeApp;
			sourceTree = "<group>";
		};
		AAEF76BE1A1D5A2B005A92B1 /* Supporting Files */ = {
			isa = PBXGroup;
			children = (
				AAEF76BF1A1D5A2B005A92B1 /* Info.plist */,
				AAEF76C01A1D5A2B005A92B1 /* main.m */,
			);
			name = "Supporting Files";
			sourceTree = "<group>";
		};
		AAEF76D71A1D5A2C005A92B1 /* RecipeAppTests */ = {
			isa = PBXGroup;
			children = (
				AAEF76DA1A1D5A2C005A92B1 /* RecipeAppTests.m */,
				AAEF76D81A1D5A2C005A92B1 /* Supporting Files */,
			);
			path = RecipeAppTests;
			sourceTree = "<group>";
		};
		AAEF76D81A1D5A2C005A92B1 /* Supporting Files */ = {
			isa = PBXGroup;
			children = (
				AAEF76D91A1D5A2C005A92B1 /* Info.plist */,
			);
			name = "Supporting Files";
			sourceTree = "<group>";
		};
		AAEF76E41A1D5A33005A92B1 /* Controllers */ = {
			isa = PBXGroup;
			children = (
				AA70602C1A1F889200944DB1 /* View Recipes */,
				AA70602B1A1F887F00944DB1 /* Create Recipes */,
				AAEF76EC1A1D6F8E005A92B1 /* BottomMenuController */,
			);
			name = Controllers;
			sourceTree = "<group>";
		};
		AAEF76EC1A1D6F8E005A92B1 /* BottomMenuController */ = {
			isa = PBXGroup;
			children = (
				AAEF76ED1A1D6FAB005A92B1 /* MenuViewController.h */,
				AAEF76EE1A1D6FAB005A92B1 /* MenuViewController.m */,
				AAEF76E91A1D6061005A92B1 /* BottomMenuController.h */,
				AAEF76EA1A1D6061005A92B1 /* BottomMenuController.m */,
			);
			name = BottomMenuController;
			sourceTree = "<group>";
		};
		AAEF76F01A1D81D5005A92B1 /* Views */ = {
			isa = PBXGroup;
			children = (
				8F179EEE1A25130A00F2B053 /* RATextField */,
				AA70602D1A1FEC2D00944DB1 /* CreateRecipesView */,
				AA71E96B1A1E7556005626A5 /* RecipeCollectionView */,
				AA71E9641A1E4995005626A5 /* MenuBar */,
			);
			name = Views;
			sourceTree = "<group>";
		};
		C01EE8193D4B9EC35C44937D /* Pods */ = {
			isa = PBXGroup;
			children = (
				ED2B272004653CC155C933C3 /* Pods.debug.xcconfig */,
				FB70FECB01CCECEC10017F38 /* Pods.release.xcconfig */,
			);
			name = Pods;
			sourceTree = "<group>";
		};
/* End PBXGroup section */

/* Begin PBXNativeTarget section */
		AAEF76BA1A1D5A2B005A92B1 /* RecipeApp */ = {
			isa = PBXNativeTarget;
			buildConfigurationList = AAEF76DE1A1D5A2C005A92B1 /* Build configuration list for PBXNativeTarget "RecipeApp" */;
			buildPhases = (
				C513DFA35823F1652E1809C5 /* Check Pods Manifest.lock */,
				AAEF76B71A1D5A2B005A92B1 /* Sources */,
				AAEF76B81A1D5A2B005A92B1 /* Frameworks */,
				AAEF76B91A1D5A2B005A92B1 /* Resources */,
				3227AE87DE9B5DE59014000E /* Copy Pods Resources */,
			);
			buildRules = (
			);
			dependencies = (
			);
			name = RecipeApp;
			productName = RecipeApp;
			productReference = AAEF76BB1A1D5A2B005A92B1 /* RecipeApp.app */;
			productType = "com.apple.product-type.application";
		};
		AAEF76D31A1D5A2C005A92B1 /* RecipeAppTests */ = {
			isa = PBXNativeTarget;
			buildConfigurationList = AAEF76E11A1D5A2C005A92B1 /* Build configuration list for PBXNativeTarget "RecipeAppTests" */;
			buildPhases = (
				AAEF76D01A1D5A2C005A92B1 /* Sources */,
				AAEF76D11A1D5A2C005A92B1 /* Frameworks */,
				AAEF76D21A1D5A2C005A92B1 /* Resources */,
			);
			buildRules = (
			);
			dependencies = (
				AAEF76D61A1D5A2C005A92B1 /* PBXTargetDependency */,
			);
			name = RecipeAppTests;
			productName = RecipeAppTests;
			productReference = AAEF76D41A1D5A2C005A92B1 /* RecipeAppTests.xctest */;
			productType = "com.apple.product-type.bundle.unit-test";
		};
/* End PBXNativeTarget section */

/* Begin PBXProject section */
		AAEF76B31A1D5A2B005A92B1 /* Project object */ = {
			isa = PBXProject;
			attributes = {
				LastUpgradeCheck = 0600;
				ORGANIZATIONNAME = "Rajul Arora";
				TargetAttributes = {
					AAEF76BA1A1D5A2B005A92B1 = {
						CreatedOnToolsVersion = 6.0;
					};
					AAEF76D31A1D5A2C005A92B1 = {
						CreatedOnToolsVersion = 6.0;
						TestTargetID = AAEF76BA1A1D5A2B005A92B1;
					};
				};
			};
			buildConfigurationList = AAEF76B61A1D5A2B005A92B1 /* Build configuration list for PBXProject "RecipeApp" */;
			compatibilityVersion = "Xcode 3.2";
			developmentRegion = English;
			hasScannedForEncodings = 0;
			knownRegions = (
				en,
				Base,
			);
			mainGroup = AAEF76B21A1D5A2B005A92B1;
			productRefGroup = AAEF76BC1A1D5A2B005A92B1 /* Products */;
			projectDirPath = "";
			projectRoot = "";
			targets = (
				AAEF76BA1A1D5A2B005A92B1 /* RecipeApp */,
				AAEF76D31A1D5A2C005A92B1 /* RecipeAppTests */,
			);
		};
/* End PBXProject section */

/* Begin PBXResourcesBuildPhase section */
		AAEF76B91A1D5A2B005A92B1 /* Resources */ = {
			isa = PBXResourcesBuildPhase;
			buildActionMask = 2147483647;
			files = (
				AAEF76CF1A1D5A2B005A92B1 /* LaunchScreen.xib in Resources */,
				AAEF76CC1A1D5A2B005A92B1 /* Images.xcassets in Resources */,
			);
			runOnlyForDeploymentPostprocessing = 0;
		};
		AAEF76D21A1D5A2C005A92B1 /* Resources */ = {
			isa = PBXResourcesBuildPhase;
			buildActionMask = 2147483647;
			files = (
			);
			runOnlyForDeploymentPostprocessing = 0;
		};
/* End PBXResourcesBuildPhase section */

/* Begin PBXShellScriptBuildPhase section */
		3227AE87DE9B5DE59014000E /* Copy Pods Resources */ = {
			isa = PBXShellScriptBuildPhase;
			buildActionMask = 2147483647;
			files = (
			);
			inputPaths = (
			);
			name = "Copy Pods Resources";
			outputPaths = (
			);
			runOnlyForDeploymentPostprocessing = 0;
			shellPath = /bin/sh;
			shellScript = "\"${SRCROOT}/Pods/Target Support Files/Pods/Pods-resources.sh\"\n";
			showEnvVarsInLog = 0;
		};
		C513DFA35823F1652E1809C5 /* Check Pods Manifest.lock */ = {
			isa = PBXShellScriptBuildPhase;
			buildActionMask = 2147483647;
			files = (
			);
			inputPaths = (
			);
			name = "Check Pods Manifest.lock";
			outputPaths = (
			);
			runOnlyForDeploymentPostprocessing = 0;
			shellPath = /bin/sh;
			shellScript = "diff \"${PODS_ROOT}/../Podfile.lock\" \"${PODS_ROOT}/Manifest.lock\" > /dev/null\nif [[ $? != 0 ]] ; then\n    cat << EOM\nerror: The sandbox is not in sync with the Podfile.lock. Run 'pod install' or update your CocoaPods installation.\nEOM\n    exit 1\nfi\n";
			showEnvVarsInLog = 0;
		};
/* End PBXShellScriptBuildPhase section */

/* Begin PBXSourcesBuildPhase section */
		AAEF76B71A1D5A2B005A92B1 /* Sources */ = {
			isa = PBXSourcesBuildPhase;
			buildActionMask = 2147483647;
			files = (
				8FFC01FE1A28C61E00A73F2F /* CreateDirectionsView.m in Sources */,
				AA71E9671A1E4A37005626A5 /* RecipeViewController.m in Sources */,
				8F179EED1A2512DE00F2B053 /* IngredientsTableViewCell.m in Sources */,
				AAEF76C41A1D5A2B005A92B1 /* AppDelegate.m in Sources */,
				AA71E96A1A1E503C005626A5 /* CreateRecipeViewController.m in Sources */,
				8F179EF11A25131C00F2B053 /* RATextField.m in Sources */,
				AABF05011A1FFC6800A677A6 /* CreateIngredientsView.m in Sources */,
				AAEF76C11A1D5A2B005A92B1 /* main.m in Sources */,
				AA0C3EBE1A1EAA3100650ABA /* RecipeObject.m in Sources */,
				AA7060301A1FEC4200944DB1 /* CreateTitleView.m in Sources */,
				8F179EF41A25325A00F2B053 /* IngredientsSectionHeaderView.m in Sources */,
				AA71E9611A1E3580005626A5 /* MenuTableViewCell.m in Sources */,
				AA71E96E1A1E756B005626A5 /* RecipeCollectionViewCell.m in Sources */,
				AAEF76EB1A1D6061005A92B1 /* BottomMenuController.m in Sources */,
				AABF04FE1A1FF68E00A677A6 /* UIView+Shadow.m in Sources */,
				AAEF76EF1A1D6FAB005A92B1 /* MenuViewController.m in Sources */,
				8FC12BEA1A3643A000CD6B03 /* RecipeDetailViewController.m in Sources */,
				8FBA427E1A373D8E00A3A3D4 /* DirectionsHeaderView.m in Sources */,
				8FFC02041A28C97A00A73F2F /* DirectionsTableViewCell.m in Sources */,
				AAEF76F31A1D81E2005A92B1 /* MenuBarView.m in Sources */,
			);
			runOnlyForDeploymentPostprocessing = 0;
		};
		AAEF76D01A1D5A2C005A92B1 /* Sources */ = {
			isa = PBXSourcesBuildPhase;
			buildActionMask = 2147483647;
			files = (
				AAEF76DB1A1D5A2C005A92B1 /* RecipeAppTests.m in Sources */,
			);
			runOnlyForDeploymentPostprocessing = 0;
		};
/* End PBXSourcesBuildPhase section */

/* Begin PBXTargetDependency section */
		AAEF76D61A1D5A2C005A92B1 /* PBXTargetDependency */ = {
			isa = PBXTargetDependency;
			target = AAEF76BA1A1D5A2B005A92B1 /* RecipeApp */;
			targetProxy = AAEF76D51A1D5A2C005A92B1 /* PBXContainerItemProxy */;
		};
/* End PBXTargetDependency section */

/* Begin PBXVariantGroup section */
		AAEF76CD1A1D5A2B005A92B1 /* LaunchScreen.xib */ = {
			isa = PBXVariantGroup;
			children = (
				AAEF76CE1A1D5A2B005A92B1 /* Base */,
			);
			name = LaunchScreen.xib;
			sourceTree = "<group>";
		};
/* End PBXVariantGroup section */

/* Begin XCBuildConfiguration section */
		AAEF76DC1A1D5A2C005A92B1 /* Debug */ = {
			isa = XCBuildConfiguration;
			buildSettings = {
				ALWAYS_SEARCH_USER_PATHS = NO;
				CLANG_CXX_LANGUAGE_STANDARD = "gnu++0x";
				CLANG_CXX_LIBRARY = "libc++";
				CLANG_ENABLE_MODULES = YES;
				CLANG_ENABLE_OBJC_ARC = YES;
				CLANG_WARN_BOOL_CONVERSION = YES;
				CLANG_WARN_CONSTANT_CONVERSION = YES;
				CLANG_WARN_DIRECT_OBJC_ISA_USAGE = YES_ERROR;
				CLANG_WARN_EMPTY_BODY = YES;
				CLANG_WARN_ENUM_CONVERSION = YES;
				CLANG_WARN_INT_CONVERSION = YES;
				CLANG_WARN_OBJC_ROOT_CLASS = YES_ERROR;
				CLANG_WARN_UNREACHABLE_CODE = YES;
				CLANG_WARN__DUPLICATE_METHOD_MATCH = YES;
				"CODE_SIGN_IDENTITY[sdk=iphoneos*]" = "iPhone Developer";
				COPY_PHASE_STRIP = NO;
				ENABLE_STRICT_OBJC_MSGSEND = YES;
				GCC_C_LANGUAGE_STANDARD = gnu99;
				GCC_DYNAMIC_NO_PIC = NO;
				GCC_OPTIMIZATION_LEVEL = 0;
				GCC_PREPROCESSOR_DEFINITIONS = (
					"DEBUG=1",
					"$(inherited)",
				);
				GCC_SYMBOLS_PRIVATE_EXTERN = NO;
				GCC_WARN_64_TO_32_BIT_CONVERSION = YES;
				GCC_WARN_ABOUT_RETURN_TYPE = YES_ERROR;
				GCC_WARN_UNDECLARED_SELECTOR = YES;
				GCC_WARN_UNINITIALIZED_AUTOS = YES_AGGRESSIVE;
				GCC_WARN_UNUSED_FUNCTION = YES;
				GCC_WARN_UNUSED_VARIABLE = YES;
				IPHONEOS_DEPLOYMENT_TARGET = 8.0;
				MTL_ENABLE_DEBUG_INFO = YES;
				ONLY_ACTIVE_ARCH = YES;
				SDKROOT = iphoneos;
				TARGETED_DEVICE_FAMILY = "1,2";
			};
			name = Debug;
		};
		AAEF76DD1A1D5A2C005A92B1 /* Release */ = {
			isa = XCBuildConfiguration;
			buildSettings = {
				ALWAYS_SEARCH_USER_PATHS = NO;
				CLANG_CXX_LANGUAGE_STANDARD = "gnu++0x";
				CLANG_CXX_LIBRARY = "libc++";
				CLANG_ENABLE_MODULES = YES;
				CLANG_ENABLE_OBJC_ARC = YES;
				CLANG_WARN_BOOL_CONVERSION = YES;
				CLANG_WARN_CONSTANT_CONVERSION = YES;
				CLANG_WARN_DIRECT_OBJC_ISA_USAGE = YES_ERROR;
				CLANG_WARN_EMPTY_BODY = YES;
				CLANG_WARN_ENUM_CONVERSION = YES;
				CLANG_WARN_INT_CONVERSION = YES;
				CLANG_WARN_OBJC_ROOT_CLASS = YES_ERROR;
				CLANG_WARN_UNREACHABLE_CODE = YES;
				CLANG_WARN__DUPLICATE_METHOD_MATCH = YES;
				"CODE_SIGN_IDENTITY[sdk=iphoneos*]" = "iPhone Developer";
				COPY_PHASE_STRIP = YES;
				ENABLE_NS_ASSERTIONS = NO;
				ENABLE_STRICT_OBJC_MSGSEND = YES;
				GCC_C_LANGUAGE_STANDARD = gnu99;
				GCC_WARN_64_TO_32_BIT_CONVERSION = YES;
				GCC_WARN_ABOUT_RETURN_TYPE = YES_ERROR;
				GCC_WARN_UNDECLARED_SELECTOR = YES;
				GCC_WARN_UNINITIALIZED_AUTOS = YES_AGGRESSIVE;
				GCC_WARN_UNUSED_FUNCTION = YES;
				GCC_WARN_UNUSED_VARIABLE = YES;
				IPHONEOS_DEPLOYMENT_TARGET = 8.0;
				MTL_ENABLE_DEBUG_INFO = NO;
				SDKROOT = iphoneos;
				TARGETED_DEVICE_FAMILY = "1,2";
				VALIDATE_PRODUCT = YES;
			};
			name = Release;
		};
		AAEF76DF1A1D5A2C005A92B1 /* Debug */ = {
			isa = XCBuildConfiguration;
			baseConfigurationReference = ED2B272004653CC155C933C3 /* Pods.debug.xcconfig */;
			buildSettings = {
				ASSETCATALOG_COMPILER_APPICON_NAME = AppIcon;
				INFOPLIST_FILE = RecipeApp/Info.plist;
				LD_RUNPATH_SEARCH_PATHS = "$(inherited) @executable_path/Frameworks";
				PRODUCT_NAME = "$(TARGET_NAME)";
				TARGETED_DEVICE_FAMILY = 1;
			};
			name = Debug;
		};
		AAEF76E01A1D5A2C005A92B1 /* Release */ = {
			isa = XCBuildConfiguration;
			baseConfigurationReference = FB70FECB01CCECEC10017F38 /* Pods.release.xcconfig */;
			buildSettings = {
				ASSETCATALOG_COMPILER_APPICON_NAME = AppIcon;
				INFOPLIST_FILE = RecipeApp/Info.plist;
				LD_RUNPATH_SEARCH_PATHS = "$(inherited) @executable_path/Frameworks";
				PRODUCT_NAME = "$(TARGET_NAME)";
				TARGETED_DEVICE_FAMILY = 1;
			};
			name = Release;
		};
		AAEF76E21A1D5A2C005A92B1 /* Debug */ = {
			isa = XCBuildConfiguration;
			buildSettings = {
				BUNDLE_LOADER = "$(TEST_HOST)";
				FRAMEWORK_SEARCH_PATHS = (
					"$(SDKROOT)/Developer/Library/Frameworks",
					"$(inherited)",
				);
				GCC_PREPROCESSOR_DEFINITIONS = (
					"DEBUG=1",
					"$(inherited)",
				);
				INFOPLIST_FILE = RecipeAppTests/Info.plist;
				LD_RUNPATH_SEARCH_PATHS = "$(inherited) @executable_path/Frameworks @loader_path/Frameworks";
				PRODUCT_NAME = "$(TARGET_NAME)";
				TEST_HOST = "$(BUILT_PRODUCTS_DIR)/RecipeApp.app/RecipeApp";
			};
			name = Debug;
		};
		AAEF76E31A1D5A2C005A92B1 /* Release */ = {
			isa = XCBuildConfiguration;
			buildSettings = {
				BUNDLE_LOADER = "$(TEST_HOST)";
				FRAMEWORK_SEARCH_PATHS = (
					"$(SDKROOT)/Developer/Library/Frameworks",
					"$(inherited)",
				);
				INFOPLIST_FILE = RecipeAppTests/Info.plist;
				LD_RUNPATH_SEARCH_PATHS = "$(inherited) @executable_path/Frameworks @loader_path/Frameworks";
				PRODUCT_NAME = "$(TARGET_NAME)";
				TEST_HOST = "$(BUILT_PRODUCTS_DIR)/RecipeApp.app/RecipeApp";
			};
			name = Release;
		};
/* End XCBuildConfiguration section */

/* Begin XCConfigurationList section */
		AAEF76B61A1D5A2B005A92B1 /* Build configuration list for PBXProject "RecipeApp" */ = {
			isa = XCConfigurationList;
			buildConfigurations = (
				AAEF76DC1A1D5A2C005A92B1 /* Debug */,
				AAEF76DD1A1D5A2C005A92B1 /* Release */,
			);
			defaultConfigurationIsVisible = 0;
			defaultConfigurationName = Release;
		};
		AAEF76DE1A1D5A2C005A92B1 /* Build configuration list for PBXNativeTarget "RecipeApp" */ = {
			isa = XCConfigurationList;
			buildConfigurations = (
				AAEF76DF1A1D5A2C005A92B1 /* Debug */,
				AAEF76E01A1D5A2C005A92B1 /* Release */,
			);
			defaultConfigurationIsVisible = 0;
			defaultConfigurationName = Release;
		};
		AAEF76E11A1D5A2C005A92B1 /* Build configuration list for PBXNativeTarget "RecipeAppTests" */ = {
			isa = XCConfigurationList;
			buildConfigurations = (
				AAEF76E21A1D5A2C005A92B1 /* Debug */,
				AAEF76E31A1D5A2C005A92B1 /* Release */,
			);
			defaultConfigurationIsVisible = 0;
			defaultConfigurationName = Release;
		};
/* End XCConfigurationList section */
	};
	rootObject = AAEF76B31A1D5A2B005A92B1 /* Project object */;
}
